Microsoft Visual Studio Solution File, Format Version 12.00
# Visual Studio Version 17
VisualStudioVersion = 17.5.2.0
MinimumVisualStudioVersion = 10.0.40219.1
Project("{FAE04EC0-301F-11D3-BF4B-00C04F79EFBC}") = "phuclien-company", "phuclien-company.csproj", "{93754B4F-5F41-DC70-EEA2-F0E91D5AF8EF}"
EndProject
Global
	GlobalSection(SolutionConfigurationPlatforms) = preSolution
		Debug|Any CPU = Debug|Any CPU
		Release|Any CPU = Release|Any CPU
	EndGlobalSection
	GlobalSection(ProjectConfigurationPlatforms) = postSolution
		{93754B4F-5F41-DC70-EEA2-F0E91D5AF8EF}.Debug|Any CPU.ActiveCfg = Debug|Any CPU
		{93754B4F-5F41-DC70-EEA2-F0E91D5AF8EF}.Debug|Any CPU.Build.0 = Debug|Any CPU
		{93754B4F-5F41-DC70-EEA2-F0E91D5AF8EF}.Release|Any CPU.ActiveCfg = Release|Any CPU
		{93754B4F-5F41-DC70-EEA2-F0E91D5AF8EF}.Release|Any CPU.Build.0 = Release|Any CPU
	EndGlobalSection
	GlobalSection(SolutionProperties) = preSolution
		HideSolutionNode = FALSE
	EndGlobalSection
	GlobalSection(ExtensibilityGlobals) = postSolution
		SolutionGuid = {3AD590CD-4E79-4003-8A17-2F7CA0A25DD5}
	EndGlobalSection
EndGlobal
